
Microsoft Visual Studio Solution File, Format Version 12.00
# Visual Studio Version 16
VisualStudioVersion = 16.0.30204.135
MinimumVisualStudioVersion = 10.0.40219.1
Project("{FAE04EC0-301F-11D3-BF4B-00C04F79EFBC}") = "Conntact_App", "Conntact_App\Conntact_App.csproj", "{DF8DB291-1B81-421D-86E6-4B25825B98EC}"
EndProject
Global
	GlobalSection(SolutionConfigurationPlatforms) = preSolution
		Debug|Any CPU = Debug|Any CPU
		Release|Any CPU = Release|Any CPU
	EndGlobalSection
	GlobalSection(ProjectConfigurationPlatforms) = postSolution
		{DF8DB291-1B81-421D-86E6-4B25825B98EC}.Debug|Any CPU.ActiveCfg = Debug|Any CPU
		{DF8DB291-1B81-421D-86E6-4B25825B98EC}.Debug|Any CPU.Build.0 = Debug|Any CPU
		{DF8DB291-1B81-421D-86E6-4B25825B98EC}.Release|Any CPU.ActiveCfg = Release|Any CPU
		{DF8DB291-1B81-421D-86E6-4B25825B98EC}.Release|Any CPU.Build.0 = Release|Any CPU
	EndGlobalSection
	GlobalSection(SolutionProperties) = preSolution
		HideSolutionNode = FALSE
	EndGlobalSection
	GlobalSection(ExtensibilityGlobals) = postSolution
		SolutionGuid = {8F632690-8E76-4D0D-88D6-770F5F6D413A}
	EndGlobalSection
EndGlobal
